// !$*UTF8*$!
{
	archiveVersion = 1;
	classes = {
	};
	objectVersion = 56;
	objects = {

/* Begin PBXBuildFile section */
		D06971522AE2F15F0029D6E2 /* RMService.swift in Sources */ = {isa = PBXBuildFile; fileRef = D06971512AE2F15F0029D6E2 /* RMService.swift */; };
		D06971542AE2F16D0029D6E2 /* RMRequest.swift in Sources */ = {isa = PBXBuildFile; fileRef = D06971532AE2F16D0029D6E2 /* RMRequest.swift */; };
		D06971562AE7F89B0029D6E2 /* RMEndpoint.swift in Sources */ = {isa = PBXBuildFile; fileRef = D06971552AE7F89B0029D6E2 /* RMEndpoint.swift */; };
		D06971582AE834BD0029D6E2 /* RMOrigin.swift in Sources */ = {isa = PBXBuildFile; fileRef = D06971572AE834BD0029D6E2 /* RMOrigin.swift */; };
		D069715A2AE835B90029D6E2 /* RMSingleLocation.swift in Sources */ = {isa = PBXBuildFile; fileRef = D06971592AE835B90029D6E2 /* RMSingleLocation.swift */; };
		D069715C2AE838280029D6E2 /* RMCharacterStatus.swift in Sources */ = {isa = PBXBuildFile; fileRef = D069715B2AE838280029D6E2 /* RMCharacterStatus.swift */; };
		D069715E2AE838670029D6E2 /* RMCharacterGender.swift in Sources */ = {isa = PBXBuildFile; fileRef = D069715D2AE838670029D6E2 /* RMCharacterGender.swift */; };
		D06971632AE899FD0029D6E2 /* RMGetAllCharactersResponse.swift in Sources */ = {isa = PBXBuildFile; fileRef = D06971622AE899FD0029D6E2 /* RMGetAllCharactersResponse.swift */; };
		D08069C62AE1F3550004093E /* AppDelegate.swift in Sources */ = {isa = PBXBuildFile; fileRef = D08069C52AE1F3550004093E /* AppDelegate.swift */; };
		D08069C82AE1F3550004093E /* SceneDelegate.swift in Sources */ = {isa = PBXBuildFile; fileRef = D08069C72AE1F3550004093E /* SceneDelegate.swift */; };
		D08069CA2AE1F3550004093E /* RMTabViewController.swift in Sources */ = {isa = PBXBuildFile; fileRef = D08069C92AE1F3550004093E /* RMTabViewController.swift */; };
		D08069CF2AE1F3570004093E /* Assets.xcassets in Resources */ = {isa = PBXBuildFile; fileRef = D08069CE2AE1F3570004093E /* Assets.xcassets */; };
		D08069D22AE1F3570004093E /* LaunchScreen.storyboard in Resources */ = {isa = PBXBuildFile; fileRef = D08069D02AE1F3570004093E /* LaunchScreen.storyboard */; };
		D08069E32AE200AC0004093E /* RMLocation.swift in Sources */ = {isa = PBXBuildFile; fileRef = D08069E22AE200AC0004093E /* RMLocation.swift */; };
		D08069E52AE200C60004093E /* RMCharacter.swift in Sources */ = {isa = PBXBuildFile; fileRef = D08069E42AE200C60004093E /* RMCharacter.swift */; };
		D08069E72AE200E10004093E /* RMEpisode.swift in Sources */ = {isa = PBXBuildFile; fileRef = D08069E62AE200E10004093E /* RMEpisode.swift */; };
		D08069EA2AE208B40004093E /* RMCaracterViewController.swift in Sources */ = {isa = PBXBuildFile; fileRef = D08069E92AE208B40004093E /* RMCaracterViewController.swift */; };
		D08069EC2AE208DD0004093E /* RMLocationViewController.swift in Sources */ = {isa = PBXBuildFile; fileRef = D08069EB2AE208DD0004093E /* RMLocationViewController.swift */; };
		D08069EE2AE208F80004093E /* RMEpisodeViewController.swift in Sources */ = {isa = PBXBuildFile; fileRef = D08069ED2AE208F80004093E /* RMEpisodeViewController.swift */; };
		D08069F02AE2090F0004093E /* RMSettingsViewController.swift in Sources */ = {isa = PBXBuildFile; fileRef = D08069EF2AE2090F0004093E /* RMSettingsViewController.swift */; };
/* End PBXBuildFile section */

/* Begin PBXFileReference section */
		D06971512AE2F15F0029D6E2 /* RMService.swift */ = {isa = PBXFileReference; lastKnownFileType = sourcecode.swift; path = RMService.swift; sourceTree = "<group>"; };
		D06971532AE2F16D0029D6E2 /* RMRequest.swift */ = {isa = PBXFileReference; lastKnownFileType = sourcecode.swift; path = RMRequest.swift; sourceTree = "<group>"; };
		D06971552AE7F89B0029D6E2 /* RMEndpoint.swift */ = {isa = PBXFileReference; lastKnownFileType = sourcecode.swift; path = RMEndpoint.swift; sourceTree = "<group>"; };
		D06971572AE834BD0029D6E2 /* RMOrigin.swift */ = {isa = PBXFileReference; lastKnownFileType = sourcecode.swift; path = RMOrigin.swift; sourceTree = "<group>"; };
		D06971592AE835B90029D6E2 /* RMSingleLocation.swift */ = {isa = PBXFileReference; lastKnownFileType = sourcecode.swift; path = RMSingleLocation.swift; sourceTree = "<group>"; };
		D069715B2AE838280029D6E2 /* RMCharacterStatus.swift */ = {isa = PBXFileReference; lastKnownFileType = sourcecode.swift; path = RMCharacterStatus.swift; sourceTree = "<group>"; };
		D069715D2AE838670029D6E2 /* RMCharacterGender.swift */ = {isa = PBXFileReference; lastKnownFileType = sourcecode.swift; path = RMCharacterGender.swift; sourceTree = "<group>"; };
		D06971622AE899FD0029D6E2 /* RMGetAllCharactersResponse.swift */ = {isa = PBXFileReference; lastKnownFileType = sourcecode.swift; path = RMGetAllCharactersResponse.swift; sourceTree = "<group>"; };
		D08069C22AE1F3550004093E /* RickAndMorty.app */ = {isa = PBXFileReference; explicitFileType = wrapper.application; includeInIndex = 0; path = RickAndMorty.app; sourceTree = BUILT_PRODUCTS_DIR; };
		D08069C52AE1F3550004093E /* AppDelegate.swift */ = {isa = PBXFileReference; lastKnownFileType = sourcecode.swift; path = AppDelegate.swift; sourceTree = "<group>"; };
		D08069C72AE1F3550004093E /* SceneDelegate.swift */ = {isa = PBXFileReference; lastKnownFileType = sourcecode.swift; path = SceneDelegate.swift; sourceTree = "<group>"; };
		D08069C92AE1F3550004093E /* RMTabViewController.swift */ = {isa = PBXFileReference; lastKnownFileType = sourcecode.swift; path = RMTabViewController.swift; sourceTree = "<group>"; };
		D08069CE2AE1F3570004093E /* Assets.xcassets */ = {isa = PBXFileReference; lastKnownFileType = folder.assetcatalog; path = Assets.xcassets; sourceTree = "<group>"; };
		D08069D12AE1F3570004093E /* Base */ = {isa = PBXFileReference; lastKnownFileType = file.storyboard; name = Base; path = Base.lproj/LaunchScreen.storyboard; sourceTree = "<group>"; };
		D08069D32AE1F3570004093E /* Info.plist */ = {isa = PBXFileReference; lastKnownFileType = text.plist.xml; path = Info.plist; sourceTree = "<group>"; };
		D08069E22AE200AC0004093E /* RMLocation.swift */ = {isa = PBXFileReference; lastKnownFileType = sourcecode.swift; path = RMLocation.swift; sourceTree = "<group>"; };
		D08069E42AE200C60004093E /* RMCharacter.swift */ = {isa = PBXFileReference; lastKnownFileType = sourcecode.swift; path = RMCharacter.swift; sourceTree = "<group>"; };
		D08069E62AE200E10004093E /* RMEpisode.swift */ = {isa = PBXFileReference; lastKnownFileType = sourcecode.swift; path = RMEpisode.swift; sourceTree = "<group>"; };
		D08069E92AE208B40004093E /* RMCaracterViewController.swift */ = {isa = PBXFileReference; lastKnownFileType = sourcecode.swift; path = RMCaracterViewController.swift; sourceTree = "<group>"; };
		D08069EB2AE208DD0004093E /* RMLocationViewController.swift */ = {isa = PBXFileReference; lastKnownFileType = sourcecode.swift; path = RMLocationViewController.swift; sourceTree = "<group>"; };
		D08069ED2AE208F80004093E /* RMEpisodeViewController.swift */ = {isa = PBXFileReference; lastKnownFileType = sourcecode.swift; path = RMEpisodeViewController.swift; sourceTree = "<group>"; };
		D08069EF2AE2090F0004093E /* RMSettingsViewController.swift */ = {isa = PBXFileReference; lastKnownFileType = sourcecode.swift; path = RMSettingsViewController.swift; sourceTree = "<group>"; };
/* End PBXFileReference section */

/* Begin PBXFrameworksBuildPhase section */
		D08069BF2AE1F3550004093E /* Frameworks */ = {
			isa = PBXFrameworksBuildPhase;
			buildActionMask = 2147483647;
			files = (
			);
			runOnlyForDeploymentPostprocessing = 0;
		};
/* End PBXFrameworksBuildPhase section */

/* Begin PBXGroup section */
		D069714D2AE2F0DC0029D6E2 /* Manager */ = {
			isa = PBXGroup;
			children = (
			);
			path = Manager;
			sourceTree = "<group>";
		};
		D069714E2AE2F0EF0029D6E2 /* APIClient */ = {
			isa = PBXGroup;
			children = (
				D06971512AE2F15F0029D6E2 /* RMService.swift */,
				D06971532AE2F16D0029D6E2 /* RMRequest.swift */,
				D06971552AE7F89B0029D6E2 /* RMEndpoint.swift */,
			);
			path = APIClient;
			sourceTree = "<group>";
		};
		D069714F2AE2F1000029D6E2 /* ViewModels */ = {
			isa = PBXGroup;
			children = (
			);
			path = ViewModels;
			sourceTree = "<group>";
		};
		D06971502AE2F10C0029D6E2 /* Views */ = {
			isa = PBXGroup;
			children = (
			);
			path = Views;
			sourceTree = "<group>";
		};
		D06971602AE899AF0029D6E2 /* DataTypes */ = {
			isa = PBXGroup;
			children = (
			);
			name = DataTypes;
			sourceTree = "<group>";
		};
		D06971612AE899D80029D6E2 /* APIResponseTypes */ = {
			isa = PBXGroup;
			children = (
				D06971622AE899FD0029D6E2 /* RMGetAllCharactersResponse.swift */,
			);
			name = APIResponseTypes;
			sourceTree = "<group>";
		};
		D08069B92AE1F3550004093E = {
			isa = PBXGroup;
			children = (
				D08069C42AE1F3550004093E /* RickAndMorty */,
				D08069C32AE1F3550004093E /* Products */,
			);
			sourceTree = "<group>";
		};
		D08069C32AE1F3550004093E /* Products */ = {
			isa = PBXGroup;
			children = (
				D08069C22AE1F3550004093E /* RickAndMorty.app */,
			);
			name = Products;
			sourceTree = "<group>";
		};
		D08069C42AE1F3550004093E /* RickAndMorty */ = {
			isa = PBXGroup;
			children = (
				D08069E12AE1FDF00004093E /* Resources */,
				D069714D2AE2F0DC0029D6E2 /* Manager */,
				D069714E2AE2F0EF0029D6E2 /* APIClient */,
				D069714F2AE2F1000029D6E2 /* ViewModels */,
				D06971502AE2F10C0029D6E2 /* Views */,
				D08069DA2AE1FD670004093E /* Models */,
				D08069D92AE1FD300004093E /* Controllers */,
				D08069D32AE1F3570004093E /* Info.plist */,
			);
			path = RickAndMorty;
			sourceTree = "<group>";
		};
		D08069D92AE1FD300004093E /* Controllers */ = {
			isa = PBXGroup;
			children = (
				D08069E82AE208920004093E /* Core */,
			);
			path = Controllers;
			sourceTree = "<group>";
		};
		D08069DA2AE1FD670004093E /* Models */ = {
			isa = PBXGroup;
			children = (
				D06971612AE899D80029D6E2 /* APIResponseTypes */,
				D06971602AE899AF0029D6E2 /* DataTypes */,
				D08069E22AE200AC0004093E /* RMLocation.swift */,
				D08069E42AE200C60004093E /* RMCharacter.swift */,
				D08069E62AE200E10004093E /* RMEpisode.swift */,
				D06971572AE834BD0029D6E2 /* RMOrigin.swift */,
				D06971592AE835B90029D6E2 /* RMSingleLocation.swift */,
				D069715B2AE838280029D6E2 /* RMCharacterStatus.swift */,
				D069715D2AE838670029D6E2 /* RMCharacterGender.swift */,
			);
			path = Models;
			sourceTree = "<group>";
		};
		D08069E12AE1FDF00004093E /* Resources */ = {
			isa = PBXGroup;
			children = (
				D08069C52AE1F3550004093E /* AppDelegate.swift */,
				D08069C72AE1F3550004093E /* SceneDelegate.swift */,
				D08069CE2AE1F3570004093E /* Assets.xcassets */,
				D08069D02AE1F3570004093E /* LaunchScreen.storyboard */,
			);
			path = Resources;
			sourceTree = "<group>";
		};
		D08069E82AE208920004093E /* Core */ = {
			isa = PBXGroup;
			children = (
				D08069C92AE1F3550004093E /* RMTabViewController.swift */,
				D08069E92AE208B40004093E /* RMCaracterViewController.swift */,
				D08069EB2AE208DD0004093E /* RMLocationViewController.swift */,
				D08069ED2AE208F80004093E /* RMEpisodeViewController.swift */,
				D08069EF2AE2090F0004093E /* RMSettingsViewController.swift */,
			);
			path = Core;
			sourceTree = "<group>";
		};
/* End PBXGroup section */

/* Begin PBXNativeTarget section */
		D08069C12AE1F3550004093E /* RickAndMorty */ = {
			isa = PBXNativeTarget;
			buildConfigurationList = D08069D62AE1F3570004093E /* Build configuration list for PBXNativeTarget "RickAndMorty" */;
			buildPhases = (
				D08069BE2AE1F3550004093E /* Sources */,
				D08069BF2AE1F3550004093E /* Frameworks */,
				D08069C02AE1F3550004093E /* Resources */,
			);
			buildRules = (
			);
			dependencies = (
			);
			name = RickAndMorty;
			productName = RickAndMorty;
			productReference = D08069C22AE1F3550004093E /* RickAndMorty.app */;
			productType = "com.apple.product-type.application";
		};
/* End PBXNativeTarget section */

/* Begin PBXProject section */
		D08069BA2AE1F3550004093E /* Project object */ = {
			isa = PBXProject;
			attributes = {
				BuildIndependentTargetsInParallel = 1;
				LastSwiftUpdateCheck = 1500;
				LastUpgradeCheck = 1500;
				TargetAttributes = {
					D08069C12AE1F3550004093E = {
						CreatedOnToolsVersion = 15.0.1;
					};
				};
			};
			buildConfigurationList = D08069BD2AE1F3550004093E /* Build configuration list for PBXProject "RickAndMorty" */;
			compatibilityVersion = "Xcode 14.0";
			developmentRegion = en;
			hasScannedForEncodings = 0;
			knownRegions = (
				en,
				Base,
			);
			mainGroup = D08069B92AE1F3550004093E;
			productRefGroup = D08069C32AE1F3550004093E /* Products */;
			projectDirPath = "";
			projectRoot = "";
			targets = (
				D08069C12AE1F3550004093E /* RickAndMorty */,
			);
		};
/* End PBXProject section */

/* Begin PBXResourcesBuildPhase section */
		D08069C02AE1F3550004093E /* Resources */ = {
			isa = PBXResourcesBuildPhase;
			buildActionMask = 2147483647;
			files = (
				D08069D22AE1F3570004093E /* LaunchScreen.storyboard in Resources */,
				D08069CF2AE1F3570004093E /* Assets.xcassets in Resources */,
			);
			runOnlyForDeploymentPostprocessing = 0;
		};
/* End PBXResourcesBuildPhase section */

/* Begin PBXSourcesBuildPhase section */
		D08069BE2AE1F3550004093E /* Sources */ = {
			isa = PBXSourcesBuildPhase;
			buildActionMask = 2147483647;
			files = (
				D06971632AE899FD0029D6E2 /* RMGetAllCharactersResponse.swift in Sources */,
				D069715A2AE835B90029D6E2 /* RMSingleLocation.swift in Sources */,
				D06971582AE834BD0029D6E2 /* RMOrigin.swift in Sources */,
				D069715C2AE838280029D6E2 /* RMCharacterStatus.swift in Sources */,
				D069715E2AE838670029D6E2 /* RMCharacterGender.swift in Sources */,
				D08069EC2AE208DD0004093E /* RMLocationViewController.swift in Sources */,
				D08069EA2AE208B40004093E /* RMCaracterViewController.swift in Sources */,
				D08069E72AE200E10004093E /* RMEpisode.swift in Sources */,
				D08069EE2AE208F80004093E /* RMEpisodeViewController.swift in Sources */,
				D08069CA2AE1F3550004093E /* RMTabViewController.swift in Sources */,
				D08069C62AE1F3550004093E /* AppDelegate.swift in Sources */,
				D08069F02AE2090F0004093E /* RMSettingsViewController.swift in Sources */,
				D06971522AE2F15F0029D6E2 /* RMService.swift in Sources */,
				D08069C82AE1F3550004093E /* SceneDelegate.swift in Sources */,
				D06971562AE7F89B0029D6E2 /* RMEndpoint.swift in Sources */,
				D08069E52AE200C60004093E /* RMCharacter.swift in Sources */,
				D06971542AE2F16D0029D6E2 /* RMRequest.swift in Sources */,
				D08069E32AE200AC0004093E /* RMLocation.swift in Sources */,
			);
			runOnlyForDeploymentPostprocessing = 0;
		};
/* End PBXSourcesBuildPhase section */

/* Begin PBXVariantGroup section */
		D08069D02AE1F3570004093E /* LaunchScreen.storyboard */ = {
			isa = PBXVariantGroup;
			children = (
				D08069D12AE1F3570004093E /* Base */,
			);
			name = LaunchScreen.storyboard;
			sourceTree = "<group>";
		};
/* End PBXVariantGroup section */

/* Begin XCBuildConfiguration section */
		D08069D42AE1F3570004093E /* Debug */ = {
			isa = XCBuildConfiguration;
			buildSettings = {
				ALWAYS_SEARCH_USER_PATHS = NO;
				ASSETCATALOG_COMPILER_GENERATE_SWIFT_ASSET_SYMBOL_EXTENSIONS = YES;
				CLANG_ANALYZER_NONNULL = YES;
				CLANG_ANALYZER_NUMBER_OBJECT_CONVERSION = YES_AGGRESSIVE;
				CLANG_CXX_LANGUAGE_STANDARD = "gnu++20";
				CLANG_ENABLE_MODULES = YES;
				CLANG_ENABLE_OBJC_ARC = YES;
				CLANG_ENABLE_OBJC_WEAK = YES;
				CLANG_WARN_BLOCK_CAPTURE_AUTORELEASING = YES;
				CLANG_WARN_BOOL_CONVERSION = YES;
				CLANG_WARN_COMMA = YES;
				CLANG_WARN_CONSTANT_CONVERSION = YES;
				CLANG_WARN_DEPRECATED_OBJC_IMPLEMENTATIONS = YES;
				CLANG_WARN_DIRECT_OBJC_ISA_USAGE = YES_ERROR;
				CLANG_WARN_DOCUMENTATION_COMMENTS = YES;
				CLANG_WARN_EMPTY_BODY = YES;
				CLANG_WARN_ENUM_CONVERSION = YES;
				CLANG_WARN_INFINITE_RECURSION = YES;
				CLANG_WARN_INT_CONVERSION = YES;
				CLANG_WARN_NON_LITERAL_NULL_CONVERSION = YES;
				CLANG_WARN_OBJC_IMPLICIT_RETAIN_SELF = YES;
				CLANG_WARN_OBJC_LITERAL_CONVERSION = YES;
				CLANG_WARN_OBJC_ROOT_CLASS = YES_ERROR;
				CLANG_WARN_QUOTED_INCLUDE_IN_FRAMEWORK_HEADER = YES;
				CLANG_WARN_RANGE_LOOP_ANALYSIS = YES;
				CLANG_WARN_STRICT_PROTOTYPES = YES;
				CLANG_WARN_SUSPICIOUS_MOVE = YES;
				CLANG_WARN_UNGUARDED_AVAILABILITY = YES_AGGRESSIVE;
				CLANG_WARN_UNREACHABLE_CODE = YES;
				CLANG_WARN__DUPLICATE_METHOD_MATCH = YES;
				COPY_PHASE_STRIP = NO;
				DEBUG_INFORMATION_FORMAT = dwarf;
				ENABLE_STRICT_OBJC_MSGSEND = YES;
				ENABLE_TESTABILITY = YES;
				ENABLE_USER_SCRIPT_SANDBOXING = YES;
				GCC_C_LANGUAGE_STANDARD = gnu17;
				GCC_DYNAMIC_NO_PIC = NO;
				GCC_NO_COMMON_BLOCKS = YES;
				GCC_OPTIMIZATION_LEVEL = 0;
				GCC_PREPROCESSOR_DEFINITIONS = (
					"DEBUG=1",
					"$(inherited)",
				);
				GCC_WARN_64_TO_32_BIT_CONVERSION = YES;
				GCC_WARN_ABOUT_RETURN_TYPE = YES_ERROR;
				GCC_WARN_UNDECLARED_SELECTOR = YES;
				GCC_WARN_UNINITIALIZED_AUTOS = YES_AGGRESSIVE;
				GCC_WARN_UNUSED_FUNCTION = YES;
				GCC_WARN_UNUSED_VARIABLE = YES;
				IPHONEOS_DEPLOYMENT_TARGET = 17.0;
				LOCALIZATION_PREFERS_STRING_CATALOGS = YES;
				MTL_ENABLE_DEBUG_INFO = INCLUDE_SOURCE;
				MTL_FAST_MATH = YES;
				ONLY_ACTIVE_ARCH = YES;
				SDKROOT = iphoneos;
				SWIFT_ACTIVE_COMPILATION_CONDITIONS = "DEBUG $(inherited)";
				SWIFT_OPTIMIZATION_LEVEL = "-Onone";
			};
			name = Debug;
		};
		D08069D52AE1F3570004093E /* Release */ = {
			isa = XCBuildConfiguration;
			buildSettings = {
				ALWAYS_SEARCH_USER_PATHS = NO;
				ASSETCATALOG_COMPILER_GENERATE_SWIFT_ASSET_SYMBOL_EXTENSIONS = YES;
				CLANG_ANALYZER_NONNULL = YES;
				CLANG_ANALYZER_NUMBER_OBJECT_CONVERSION = YES_AGGRESSIVE;
				CLANG_CXX_LANGUAGE_STANDARD = "gnu++20";
				CLANG_ENABLE_MODULES = YES;
				CLANG_ENABLE_OBJC_ARC = YES;
				CLANG_ENABLE_OBJC_WEAK = YES;
				CLANG_WARN_BLOCK_CAPTURE_AUTORELEASING = YES;
				CLANG_WARN_BOOL_CONVERSION = YES;
				CLANG_WARN_COMMA = YES;
				CLANG_WARN_CONSTANT_CONVERSION = YES;
				CLANG_WARN_DEPRECATED_OBJC_IMPLEMENTATIONS = YES;
				CLANG_WARN_DIRECT_OBJC_ISA_USAGE = YES_ERROR;
				CLANG_WARN_DOCUMENTATION_COMMENTS = YES;
				CLANG_WARN_EMPTY_BODY = YES;
				CLANG_WARN_ENUM_CONVERSION = YES;
				CLANG_WARN_INFINITE_RECURSION = YES;
				CLANG_WARN_INT_CONVERSION = YES;
				CLANG_WARN_NON_LITERAL_NULL_CONVERSION = YES;
				CLANG_WARN_OBJC_IMPLICIT_RETAIN_SELF = YES;
				CLANG_WARN_OBJC_LITERAL_CONVERSION = YES;
				CLANG_WARN_OBJC_ROOT_CLASS = YES_ERROR;
				CLANG_WARN_QUOTED_INCLUDE_IN_FRAMEWORK_HEADER = YES;
				CLANG_WARN_RANGE_LOOP_ANALYSIS = YES;
				CLANG_WARN_STRICT_PROTOTYPES = YES;
				CLANG_WARN_SUSPICIOUS_MOVE = YES;
				CLANG_WARN_UNGUARDED_AVAILABILITY = YES_AGGRESSIVE;
				CLANG_WARN_UNREACHABLE_CODE = YES;
				CLANG_WARN__DUPLICATE_METHOD_MATCH = YES;
				COPY_PHASE_STRIP = NO;
				DEBUG_INFORMATION_FORMAT = "dwarf-with-dsym";
				ENABLE_NS_ASSERTIONS = NO;
				ENABLE_STRICT_OBJC_MSGSEND = YES;
				ENABLE_USER_SCRIPT_SANDBOXING = YES;
				GCC_C_LANGUAGE_STANDARD = gnu17;
				GCC_NO_COMMON_BLOCKS = YES;
				GCC_WARN_64_TO_32_BIT_CONVERSION = YES;
				GCC_WARN_ABOUT_RETURN_TYPE = YES_ERROR;
				GCC_WARN_UNDECLARED_SELECTOR = YES;
				GCC_WARN_UNINITIALIZED_AUTOS = YES_AGGRESSIVE;
				GCC_WARN_UNUSED_FUNCTION = YES;
				GCC_WARN_UNUSED_VARIABLE = YES;
				IPHONEOS_DEPLOYMENT_TARGET = 17.0;
				LOCALIZATION_PREFERS_STRING_CATALOGS = YES;
				MTL_ENABLE_DEBUG_INFO = NO;
				MTL_FAST_MATH = YES;
				SDKROOT = iphoneos;
				SWIFT_COMPILATION_MODE = wholemodule;
				VALIDATE_PRODUCT = YES;
			};
			name = Release;
		};
		D08069D72AE1F3570004093E /* Debug */ = {
			isa = XCBuildConfiguration;
			buildSettings = {
				ASSETCATALOG_COMPILER_APPICON_NAME = AppIcon;
				ASSETCATALOG_COMPILER_GLOBAL_ACCENT_COLOR_NAME = AccentColor;
				CODE_SIGN_STYLE = Automatic;
				CURRENT_PROJECT_VERSION = 1;
				GENERATE_INFOPLIST_FILE = YES;
				INFOPLIST_FILE = RickAndMorty/Info.plist;
				INFOPLIST_KEY_UIApplicationSupportsIndirectInputEvents = YES;
				INFOPLIST_KEY_UILaunchStoryboardName = LaunchScreen;
				INFOPLIST_KEY_UISupportedInterfaceOrientations_iPad = "UIInterfaceOrientationPortrait UIInterfaceOrientationPortraitUpsideDown UIInterfaceOrientationLandscapeLeft UIInterfaceOrientationLandscapeRight";
				INFOPLIST_KEY_UISupportedInterfaceOrientations_iPhone = "UIInterfaceOrientationPortrait UIInterfaceOrientationLandscapeLeft UIInterfaceOrientationLandscapeRight";
				LD_RUNPATH_SEARCH_PATHS = (
					"$(inherited)",
					"@executable_path/Frameworks",
				);
				MARKETING_VERSION = 1.0;
				PRODUCT_BUNDLE_IDENTIFIER = com.stephanien.RickAndMorty;
				PRODUCT_NAME = "$(TARGET_NAME)";
				SWIFT_EMIT_LOC_STRINGS = YES;
				SWIFT_VERSION = 5.0;
				TARGETED_DEVICE_FAMILY = "1,2";
			};
			name = Debug;
		};
		D08069D82AE1F3570004093E /* Release */ = {
			isa = XCBuildConfiguration;
			buildSettings = {
				ASSETCATALOG_COMPILER_APPICON_NAME = AppIcon;
				ASSETCATALOG_COMPILER_GLOBAL_ACCENT_COLOR_NAME = AccentColor;
				CODE_SIGN_STYLE = Automatic;
				CURRENT_PROJECT_VERSION = 1;
				GENERATE_INFOPLIST_FILE = YES;
				INFOPLIST_FILE = RickAndMorty/Info.plist;
				INFOPLIST_KEY_UIApplicationSupportsIndirectInputEvents = YES;
				INFOPLIST_KEY_UILaunchStoryboardName = LaunchScreen;
				INFOPLIST_KEY_UISupportedInterfaceOrientations_iPad = "UIInterfaceOrientationPortrait UIInterfaceOrientationPortraitUpsideDown UIInterfaceOrientationLandscapeLeft UIInterfaceOrientationLandscapeRight";
				INFOPLIST_KEY_UISupportedInterfaceOrientations_iPhone = "UIInterfaceOrientationPortrait UIInterfaceOrientationLandscapeLeft UIInterfaceOrientationLandscapeRight";
				LD_RUNPATH_SEARCH_PATHS = (
					"$(inherited)",
					"@executable_path/Frameworks",
				);
				MARKETING_VERSION = 1.0;
				PRODUCT_BUNDLE_IDENTIFIER = com.stephanien.RickAndMorty;
				PRODUCT_NAME = "$(TARGET_NAME)";
				SWIFT_EMIT_LOC_STRINGS = YES;
				SWIFT_VERSION = 5.0;
				TARGETED_DEVICE_FAMILY = "1,2";
			};
			name = Release;
		};
/* End XCBuildConfiguration section */

/* Begin XCConfigurationList section */
		D08069BD2AE1F3550004093E /* Build configuration list for PBXProject "RickAndMorty" */ = {
			isa = XCConfigurationList;
			buildConfigurations = (
				D08069D42AE1F3570004093E /* Debug */,
				D08069D52AE1F3570004093E /* Release */,
			);
			defaultConfigurationIsVisible = 0;
			defaultConfigurationName = Release;
		};
		D08069D62AE1F3570004093E /* Build configuration list for PBXNativeTarget "RickAndMorty" */ = {
			isa = XCConfigurationList;
			buildConfigurations = (
				D08069D72AE1F3570004093E /* Debug */,
				D08069D82AE1F3570004093E /* Release */,
			);
			defaultConfigurationIsVisible = 0;
			defaultConfigurationName = Release;
		};
/* End XCConfigurationList section */
	};
	rootObject = D08069BA2AE1F3550004093E /* Project object */;
}
